// !$*UTF8*$!
{
	archiveVersion = 1;
	classes = {
	};
	objectVersion = 56;
	objects = {

/* Begin PBXBuildFile section */
		4A04D36E2A4758F200C6503C /* AppDelegate.swift in Sources */ = {isa = PBXBuildFile; fileRef = 4A04D36D2A4758F200C6503C /* AppDelegate.swift */; };
		4A04D3702A4758F200C6503C /* SceneDelegate.swift in Sources */ = {isa = PBXBuildFile; fileRef = 4A04D36F2A4758F200C6503C /* SceneDelegate.swift */; };
		4A04D3722A4758F200C6503C /* ViewController.swift in Sources */ = {isa = PBXBuildFile; fileRef = 4A04D3712A4758F200C6503C /* ViewController.swift */; };
		4A04D3752A4758F200C6503C /* Main.storyboard in Resources */ = {isa = PBXBuildFile; fileRef = 4A04D3732A4758F200C6503C /* Main.storyboard */; };
		4A04D3772A4758F400C6503C /* Assets.xcassets in Resources */ = {isa = PBXBuildFile; fileRef = 4A04D3762A4758F400C6503C /* Assets.xcassets */; };
		4A04D37A2A4758F400C6503C /* LaunchScreen.storyboard in Resources */ = {isa = PBXBuildFile; fileRef = 4A04D3782A4758F400C6503C /* LaunchScreen.storyboard */; };
		4A04D3852A4758F400C6503C /* ExBackgroundSessionTests.swift in Sources */ = {isa = PBXBuildFile; fileRef = 4A04D3842A4758F400C6503C /* ExBackgroundSessionTests.swift */; };
		4A04D38F2A4758F400C6503C /* ExBackgroundSessionUITests.swift in Sources */ = {isa = PBXBuildFile; fileRef = 4A04D38E2A4758F400C6503C /* ExBackgroundSessionUITests.swift */; };
		4A04D3912A4758F400C6503C /* ExBackgroundSessionUITestsLaunchTests.swift in Sources */ = {isa = PBXBuildFile; fileRef = 4A04D3902A4758F400C6503C /* ExBackgroundSessionUITestsLaunchTests.swift */; };
/* End PBXBuildFile section */

/* Begin PBXContainerItemProxy section */
		4A04D3812A4758F400C6503C /* PBXContainerItemProxy */ = {
			isa = PBXContainerItemProxy;
			containerPortal = 4A04D3622A4758F200C6503C /* Project object */;
			proxyType = 1;
			remoteGlobalIDString = 4A04D3692A4758F200C6503C;
			remoteInfo = ExBackgroundSession;
		};
		4A04D38B2A4758F400C6503C /* PBXContainerItemProxy */ = {
			isa = PBXContainerItemProxy;
			containerPortal = 4A04D3622A4758F200C6503C /* Project object */;
			proxyType = 1;
			remoteGlobalIDString = 4A04D3692A4758F200C6503C;
			remoteInfo = ExBackgroundSession;
		};
/* End PBXContainerItemProxy section */

/* Begin PBXFileReference section */
		4A04D36A2A4758F200C6503C /* ExBackgroundSession.app */ = {isa = PBXFileReference; explicitFileType = wrapper.application; includeInIndex = 0; path = ExBackgroundSession.app; sourceTree = BUILT_PRODUCTS_DIR; };
		4A04D36D2A4758F200C6503C /* AppDelegate.swift */ = {isa = PBXFileReference; lastKnownFileType = sourcecode.swift; path = AppDelegate.swift; sourceTree = "<group>"; };
		4A04D36F2A4758F200C6503C /* SceneDelegate.swift */ = {isa = PBXFileReference; lastKnownFileType = sourcecode.swift; path = SceneDelegate.swift; sourceTree = "<group>"; };
		4A04D3712A4758F200C6503C /* ViewController.swift */ = {isa = PBXFileReference; lastKnownFileType = sourcecode.swift; path = ViewController.swift; sourceTree = "<group>"; };
		4A04D3742A4758F200C6503C /* Base */ = {isa = PBXFileReference; lastKnownFileType = file.storyboard; name = Base; path = Base.lproj/Main.storyboard; sourceTree = "<group>"; };
		4A04D3762A4758F400C6503C /* Assets.xcassets */ = {isa = PBXFileReference; lastKnownFileType = folder.assetcatalog; path = Assets.xcassets; sourceTree = "<group>"; };
		4A04D3792A4758F400C6503C /* Base */ = {isa = PBXFileReference; lastKnownFileType = file.storyboard; name = Base; path = Base.lproj/LaunchScreen.storyboard; sourceTree = "<group>"; };
		4A04D37B2A4758F400C6503C /* Info.plist */ = {isa = PBXFileReference; lastKnownFileType = text.plist.xml; path = Info.plist; sourceTree = "<group>"; };
		4A04D3802A4758F400C6503C /* ExBackgroundSessionTests.xctest */ = {isa = PBXFileReference; explicitFileType = wrapper.cfbundle; includeInIndex = 0; path = ExBackgroundSessionTests.xctest; sourceTree = BUILT_PRODUCTS_DIR; };
		4A04D3842A4758F400C6503C /* ExBackgroundSessionTests.swift */ = {isa = PBXFileReference; lastKnownFileType = sourcecode.swift; path = ExBackgroundSessionTests.swift; sourceTree = "<group>"; };
		4A04D38A2A4758F400C6503C /* ExBackgroundSessionUITests.xctest */ = {isa = PBXFileReference; explicitFileType = wrapper.cfbundle; includeInIndex = 0; path = ExBackgroundSessionUITests.xctest; sourceTree = BUILT_PRODUCTS_DIR; };
		4A04D38E2A4758F400C6503C /* ExBackgroundSessionUITests.swift */ = {isa = PBXFileReference; lastKnownFileType = sourcecode.swift; path = ExBackgroundSessionUITests.swift; sourceTree = "<group>"; };
		4A04D3902A4758F400C6503C /* ExBackgroundSessionUITestsLaunchTests.swift */ = {isa = PBXFileReference; lastKnownFileType = sourcecode.swift; path = ExBackgroundSessionUITestsLaunchTests.swift; sourceTree = "<group>"; };
/* End PBXFileReference section */

/* Begin PBXFrameworksBuildPhase section */
		4A04D3672A4758F200C6503C /* Frameworks */ = {
			isa = PBXFrameworksBuildPhase;
			buildActionMask = 2147483647;
			files = (
			);
			runOnlyForDeploymentPostprocessing = 0;
		};
		4A04D37D2A4758F400C6503C /* Frameworks */ = {
			isa = PBXFrameworksBuildPhase;
			buildActionMask = 2147483647;
			files = (
			);
			runOnlyForDeploymentPostprocessing = 0;
		};
		4A04D3872A4758F400C6503C /* Frameworks */ = {
			isa = PBXFrameworksBuildPhase;
			buildActionMask = 2147483647;
			files = (
			);
			runOnlyForDeploymentPostprocessing = 0;
		};
/* End PBXFrameworksBuildPhase section */

/* Begin PBXGroup section */
		4A04D3612A4758F200C6503C = {
			isa = PBXGroup;
			children = (
				4A04D36C2A4758F200C6503C /* ExBackgroundSession */,
				4A04D3832A4758F400C6503C /* ExBackgroundSessionTests */,
				4A04D38D2A4758F400C6503C /* ExBackgroundSessionUITests */,
				4A04D36B2A4758F200C6503C /* Products */,
			);
			sourceTree = "<group>";
		};
		4A04D36B2A4758F200C6503C /* Products */ = {
			isa = PBXGroup;
			children = (
				4A04D36A2A4758F200C6503C /* ExBackgroundSession.app */,
				4A04D3802A4758F400C6503C /* ExBackgroundSessionTests.xctest */,
				4A04D38A2A4758F400C6503C /* ExBackgroundSessionUITests.xctest */,
			);
			name = Products;
			sourceTree = "<group>";
		};
		4A04D36C2A4758F200C6503C /* ExBackgroundSession */ = {
			isa = PBXGroup;
			children = (
				4A04D36D2A4758F200C6503C /* AppDelegate.swift */,
				4A04D36F2A4758F200C6503C /* SceneDelegate.swift */,
				4A04D3712A4758F200C6503C /* ViewController.swift */,
				4A04D3732A4758F200C6503C /* Main.storyboard */,
				4A04D3762A4758F400C6503C /* Assets.xcassets */,
				4A04D3782A4758F400C6503C /* LaunchScreen.storyboard */,
				4A04D37B2A4758F400C6503C /* Info.plist */,
			);
			path = ExBackgroundSession;
			sourceTree = "<group>";
		};
		4A04D3832A4758F400C6503C /* ExBackgroundSessionTests */ = {
			isa = PBXGroup;
			children = (
				4A04D3842A4758F400C6503C /* ExBackgroundSessionTests.swift */,
			);
			path = ExBackgroundSessionTests;
			sourceTree = "<group>";
		};
		4A04D38D2A4758F400C6503C /* ExBackgroundSessionUITests */ = {
			isa = PBXGroup;
			children = (
				4A04D38E2A4758F400C6503C /* ExBackgroundSessionUITests.swift */,
				4A04D3902A4758F400C6503C /* ExBackgroundSessionUITestsLaunchTests.swift */,
			);
			path = ExBackgroundSessionUITests;
			sourceTree = "<group>";
		};
/* End PBXGroup section */

/* Begin PBXNativeTarget section */
		4A04D3692A4758F200C6503C /* ExBackgroundSession */ = {
			isa = PBXNativeTarget;
			buildConfigurationList = 4A04D3942A4758F400C6503C /* Build configuration list for PBXNativeTarget "ExBackgroundSession" */;
			buildPhases = (
				4A04D3662A4758F200C6503C /* Sources */,
				4A04D3672A4758F200C6503C /* Frameworks */,
				4A04D3682A4758F200C6503C /* Resources */,
			);
			buildRules = (
			);
			dependencies = (
			);
			name = ExBackgroundSession;
			productName = ExBackgroundSession;
			productReference = 4A04D36A2A4758F200C6503C /* ExBackgroundSession.app */;
			productType = "com.apple.product-type.application";
		};
		4A04D37F2A4758F400C6503C /* ExBackgroundSessionTests */ = {
			isa = PBXNativeTarget;
			buildConfigurationList = 4A04D3972A4758F400C6503C /* Build configuration list for PBXNativeTarget "ExBackgroundSessionTests" */;
			buildPhases = (
				4A04D37C2A4758F400C6503C /* Sources */,
				4A04D37D2A4758F400C6503C /* Frameworks */,
				4A04D37E2A4758F400C6503C /* Resources */,
			);
			buildRules = (
			);
			dependencies = (
				4A04D3822A4758F400C6503C /* PBXTargetDependency */,
			);
			name = ExBackgroundSessionTests;
			productName = ExBackgroundSessionTests;
			productReference = 4A04D3802A4758F400C6503C /* ExBackgroundSessionTests.xctest */;
			productType = "com.apple.product-type.bundle.unit-test";
		};
		4A04D3892A4758F400C6503C /* ExBackgroundSessionUITests */ = {
			isa = PBXNativeTarget;
			buildConfigurationList = 4A04D39A2A4758F400C6503C /* Build configuration list for PBXNativeTarget "ExBackgroundSessionUITests" */;
			buildPhases = (
				4A04D3862A4758F400C6503C /* Sources */,
				4A04D3872A4758F400C6503C /* Frameworks */,
				4A04D3882A4758F400C6503C /* Resources */,
			);
			buildRules = (
			);
			dependencies = (
				4A04D38C2A4758F400C6503C /* PBXTargetDependency */,
			);
			name = ExBackgroundSessionUITests;
			productName = ExBackgroundSessionUITests;
			productReference = 4A04D38A2A4758F400C6503C /* ExBackgroundSessionUITests.xctest */;
			productType = "com.apple.product-type.bundle.ui-testing";
		};
/* End PBXNativeTarget section */

/* Begin PBXProject section */
		4A04D3622A4758F200C6503C /* Project object */ = {
			isa = PBXProject;
			attributes = {
				BuildIndependentTargetsInParallel = 1;
				LastSwiftUpdateCheck = 1430;
				LastUpgradeCheck = 1430;
				TargetAttributes = {
					4A04D3692A4758F200C6503C = {
						CreatedOnToolsVersion = 14.3.1;
					};
					4A04D37F2A4758F400C6503C = {
						CreatedOnToolsVersion = 14.3.1;
						TestTargetID = 4A04D3692A4758F200C6503C;
					};
					4A04D3892A4758F400C6503C = {
						CreatedOnToolsVersion = 14.3.1;
						TestTargetID = 4A04D3692A4758F200C6503C;
					};
				};
			};
			buildConfigurationList = 4A04D3652A4758F200C6503C /* Build configuration list for PBXProject "ExBackgroundSession" */;
			compatibilityVersion = "Xcode 14.0";
			developmentRegion = en;
			hasScannedForEncodings = 0;
			knownRegions = (
				en,
				Base,
			);
			mainGroup = 4A04D3612A4758F200C6503C;
			productRefGroup = 4A04D36B2A4758F200C6503C /* Products */;
			projectDirPath = "";
			projectRoot = "";
			targets = (
				4A04D3692A4758F200C6503C /* ExBackgroundSession */,
				4A04D37F2A4758F400C6503C /* ExBackgroundSessionTests */,
				4A04D3892A4758F400C6503C /* ExBackgroundSessionUITests */,
			);
		};
/* End PBXProject section */

/* Begin PBXResourcesBuildPhase section */
		4A04D3682A4758F200C6503C /* Resources */ = {
			isa = PBXResourcesBuildPhase;
			buildActionMask = 2147483647;
			files = (
				4A04D37A2A4758F400C6503C /* LaunchScreen.storyboard in Resources */,
				4A04D3772A4758F400C6503C /* Assets.xcassets in Resources */,
				4A04D3752A4758F200C6503C /* Main.storyboard in Resources */,
			);
			runOnlyForDeploymentPostprocessing = 0;
		};
		4A04D37E2A4758F400C6503C /* Resources */ = {
			isa = PBXResourcesBuildPhase;
			buildActionMask = 2147483647;
			files = (
			);
			runOnlyForDeploymentPostprocessing = 0;
		};
		4A04D3882A4758F400C6503C /* Resources */ = {
			isa = PBXResourcesBuildPhase;
			buildActionMask = 2147483647;
			files = (
			);
			runOnlyForDeploymentPostprocessing = 0;
		};
/* End PBXResourcesBuildPhase section */

/* Begin PBXSourcesBuildPhase section */
		4A04D3662A4758F200C6503C /* Sources */ = {
			isa = PBXSourcesBuildPhase;
			buildActionMask = 2147483647;
			files = (
				4A04D3722A4758F200C6503C /* ViewController.swift in Sources */,
				4A04D36E2A4758F200C6503C /* AppDelegate.swift in Sources */,
				4A04D3702A4758F200C6503C /* SceneDelegate.swift in Sources */,
			);
			runOnlyForDeploymentPostprocessing = 0;
		};
		4A04D37C2A4758F400C6503C /* Sources */ = {
			isa = PBXSourcesBuildPhase;
			buildActionMask = 2147483647;
			files = (
				4A04D3852A4758F400C6503C /* ExBackgroundSessionTests.swift in Sources */,
			);
			runOnlyForDeploymentPostprocessing = 0;
		};
		4A04D3862A4758F400C6503C /* Sources */ = {
			isa = PBXSourcesBuildPhase;
			buildActionMask = 2147483647;
			files = (
				4A04D3912A4758F400C6503C /* ExBackgroundSessionUITestsLaunchTests.swift in Sources */,
				4A04D38F2A4758F400C6503C /* ExBackgroundSessionUITests.swift in Sources */,
			);
			runOnlyForDeploymentPostprocessing = 0;
		};
/* End PBXSourcesBuildPhase section */

/* Begin PBXTargetDependency section */
		4A04D3822A4758F400C6503C /* PBXTargetDependency */ = {
			isa = PBXTargetDependency;
			target = 4A04D3692A4758F200C6503C /* ExBackgroundSession */;
			targetProxy = 4A04D3812A4758F400C6503C /* PBXContainerItemProxy */;
		};
		4A04D38C2A4758F400C6503C /* PBXTargetDependency */ = {
			isa = PBXTargetDependency;
			target = 4A04D3692A4758F200C6503C /* ExBackgroundSession */;
			targetProxy = 4A04D38B2A4758F400C6503C /* PBXContainerItemProxy */;
		};
/* End PBXTargetDependency section */

/* Begin PBXVariantGroup section */
		4A04D3732A4758F200C6503C /* Main.storyboard */ = {
			isa = PBXVariantGroup;
			children = (
				4A04D3742A4758F200C6503C /* Base */,
			);
			name = Main.storyboard;
			sourceTree = "<group>";
		};
		4A04D3782A4758F400C6503C /* LaunchScreen.storyboard */ = {
			isa = PBXVariantGroup;
			children = (
				4A04D3792A4758F400C6503C /* Base */,
			);
			name = LaunchScreen.storyboard;
			sourceTree = "<group>";
		};
/* End PBXVariantGroup section */

/* Begin XCBuildConfiguration section */
		4A04D3922A4758F400C6503C /* Debug */ = {
			isa = XCBuildConfiguration;
			buildSettings = {
				ALWAYS_SEARCH_USER_PATHS = NO;
				CLANG_ANALYZER_NONNULL = YES;
				CLANG_ANALYZER_NUMBER_OBJECT_CONVERSION = YES_AGGRESSIVE;
				CLANG_CXX_LANGUAGE_STANDARD = "gnu++20";
				CLANG_ENABLE_MODULES = YES;
				CLANG_ENABLE_OBJC_ARC = YES;
				CLANG_ENABLE_OBJC_WEAK = YES;
				CLANG_WARN_BLOCK_CAPTURE_AUTORELEASING = YES;
				CLANG_WARN_BOOL_CONVERSION = YES;
				CLANG_WARN_COMMA = YES;
				CLANG_WARN_CONSTANT_CONVERSION = YES;
				CLANG_WARN_DEPRECATED_OBJC_IMPLEMENTATIONS = YES;
				CLANG_WARN_DIRECT_OBJC_ISA_USAGE = YES_ERROR;
				CLANG_WARN_DOCUMENTATION_COMMENTS = YES;
				CLANG_WARN_EMPTY_BODY = YES;
				CLANG_WARN_ENUM_CONVERSION = YES;
				CLANG_WARN_INFINITE_RECURSION = YES;
				CLANG_WARN_INT_CONVERSION = YES;
				CLANG_WARN_NON_LITERAL_NULL_CONVERSION = YES;
				CLANG_WARN_OBJC_IMPLICIT_RETAIN_SELF = YES;
				CLANG_WARN_OBJC_LITERAL_CONVERSION = YES;
				CLANG_WARN_OBJC_ROOT_CLASS = YES_ERROR;
				CLANG_WARN_QUOTED_INCLUDE_IN_FRAMEWORK_HEADER = YES;
				CLANG_WARN_RANGE_LOOP_ANALYSIS = YES;
				CLANG_WARN_STRICT_PROTOTYPES = YES;
				CLANG_WARN_SUSPICIOUS_MOVE = YES;
				CLANG_WARN_UNGUARDED_AVAILABILITY = YES_AGGRESSIVE;
				CLANG_WARN_UNREACHABLE_CODE = YES;
				CLANG_WARN__DUPLICATE_METHOD_MATCH = YES;
				COPY_PHASE_STRIP = NO;
				DEBUG_INFORMATION_FORMAT = dwarf;
				ENABLE_STRICT_OBJC_MSGSEND = YES;
				ENABLE_TESTABILITY = YES;
				GCC_C_LANGUAGE_STANDARD = gnu11;
				GCC_DYNAMIC_NO_PIC = NO;
				GCC_NO_COMMON_BLOCKS = YES;
				GCC_OPTIMIZATION_LEVEL = 0;
				GCC_PREPROCESSOR_DEFINITIONS = (
					"DEBUG=1",
					"$(inherited)",
				);
				GCC_WARN_64_TO_32_BIT_CONVERSION = YES;
				GCC_WARN_ABOUT_RETURN_TYPE = YES_ERROR;
				GCC_WARN_UNDECLARED_SELECTOR = YES;
				GCC_WARN_UNINITIALIZED_AUTOS = YES_AGGRESSIVE;
				GCC_WARN_UNUSED_FUNCTION = YES;
				GCC_WARN_UNUSED_VARIABLE = YES;
				IPHONEOS_DEPLOYMENT_TARGET = 16.4;
				MTL_ENABLE_DEBUG_INFO = INCLUDE_SOURCE;
				MTL_FAST_MATH = YES;
				ONLY_ACTIVE_ARCH = YES;
				SDKROOT = iphoneos;
				SWIFT_ACTIVE_COMPILATION_CONDITIONS = DEBUG;
				SWIFT_OPTIMIZATION_LEVEL = "-Onone";
			};
			name = Debug;
		};
		4A04D3932A4758F400C6503C /* Release */ = {
			isa = XCBuildConfiguration;
			buildSettings = {
				ALWAYS_SEARCH_USER_PATHS = NO;
				CLANG_ANALYZER_NONNULL = YES;
				CLANG_ANALYZER_NUMBER_OBJECT_CONVERSION = YES_AGGRESSIVE;
				CLANG_CXX_LANGUAGE_STANDARD = "gnu++20";
				CLANG_ENABLE_MODULES = YES;
				CLANG_ENABLE_OBJC_ARC = YES;
				CLANG_ENABLE_OBJC_WEAK = YES;
				CLANG_WARN_BLOCK_CAPTURE_AUTORELEASING = YES;
				CLANG_WARN_BOOL_CONVERSION = YES;
				CLANG_WARN_COMMA = YES;
				CLANG_WARN_CONSTANT_CONVERSION = YES;
				CLANG_WARN_DEPRECATED_OBJC_IMPLEMENTATIONS = YES;
				CLANG_WARN_DIRECT_OBJC_ISA_USAGE = YES_ERROR;
				CLANG_WARN_DOCUMENTATION_COMMENTS = YES;
				CLANG_WARN_EMPTY_BODY = YES;
				CLANG_WARN_ENUM_CONVERSION = YES;
				CLANG_WARN_INFINITE_RECURSION = YES;
				CLANG_WARN_INT_CONVERSION = YES;
				CLANG_WARN_NON_LITERAL_NULL_CONVERSION = YES;
				CLANG_WARN_OBJC_IMPLICIT_RETAIN_SELF = YES;
				CLANG_WARN_OBJC_LITERAL_CONVERSION = YES;
				CLANG_WARN_OBJC_ROOT_CLASS = YES_ERROR;
				CLANG_WARN_QUOTED_INCLUDE_IN_FRAMEWORK_HEADER = YES;
				CLANG_WARN_RANGE_LOOP_ANALYSIS = YES;
				CLANG_WARN_STRICT_PROTOTYPES = YES;
				CLANG_WARN_SUSPICIOUS_MOVE = YES;
				CLANG_WARN_UNGUARDED_AVAILABILITY = YES_AGGRESSIVE;
				CLANG_WARN_UNREACHABLE_CODE = YES;
				CLANG_WARN__DUPLICATE_METHOD_MATCH = YES;
				COPY_PHASE_STRIP = NO;
				DEBUG_INFORMATION_FORMAT = "dwarf-with-dsym";
				ENABLE_NS_ASSERTIONS = NO;
				ENABLE_STRICT_OBJC_MSGSEND = YES;
				GCC_C_LANGUAGE_STANDARD = gnu11;
				GCC_NO_COMMON_BLOCKS = YES;
				GCC_WARN_64_TO_32_BIT_CONVERSION = YES;
				GCC_WARN_ABOUT_RETURN_TYPE = YES_ERROR;
				GCC_WARN_UNDECLARED_SELECTOR = YES;
				GCC_WARN_UNINITIALIZED_AUTOS = YES_AGGRESSIVE;
				GCC_WARN_UNUSED_FUNCTION = YES;
				GCC_WARN_UNUSED_VARIABLE = YES;
				IPHONEOS_DEPLOYMENT_TARGET = 16.4;
				MTL_ENABLE_DEBUG_INFO = NO;
				MTL_FAST_MATH = YES;
				SDKROOT = iphoneos;
				SWIFT_COMPILATION_MODE = wholemodule;
				SWIFT_OPTIMIZATION_LEVEL = "-O";
				VALIDATE_PRODUCT = YES;
			};
			name = Release;
		};
		4A04D3952A4758F400C6503C /* Debug */ = {
			isa = XCBuildConfiguration;
			buildSettings = {
				ASSETCATALOG_COMPILER_APPICON_NAME = AppIcon;
				ASSETCATALOG_COMPILER_GLOBAL_ACCENT_COLOR_NAME = AccentColor;
				CODE_SIGN_STYLE = Automatic;
				CURRENT_PROJECT_VERSION = 1;
				DEVELOPMENT_TEAM = SS7U83UJNK;
				GENERATE_INFOPLIST_FILE = YES;
				INFOPLIST_FILE = ExBackgroundSession/Info.plist;
				INFOPLIST_KEY_UIApplicationSupportsIndirectInputEvents = YES;
				INFOPLIST_KEY_UILaunchStoryboardName = LaunchScreen;
				INFOPLIST_KEY_UIMainStoryboardFile = Main;
				INFOPLIST_KEY_UISupportedInterfaceOrientations_iPad = "UIInterfaceOrientationPortrait UIInterfaceOrientationPortraitUpsideDown UIInterfaceOrientationLandscapeLeft UIInterfaceOrientationLandscapeRight";
				INFOPLIST_KEY_UISupportedInterfaceOrientations_iPhone = "UIInterfaceOrientationPortrait UIInterfaceOrientationLandscapeLeft UIInterfaceOrientationLandscapeRight";
				LD_RUNPATH_SEARCH_PATHS = (
					"$(inherited)",
					"@executable_path/Frameworks",
				);
				MARKETING_VERSION = 1.0;
				PRODUCT_BUNDLE_IDENTIFIER = com.jake.ExBackgroundSession;
				PRODUCT_NAME = "$(TARGET_NAME)";
				SWIFT_EMIT_LOC_STRINGS = YES;
				SWIFT_VERSION = 5.0;
				TARGETED_DEVICE_FAMILY = "1,2";
			};
			name = Debug;
		};
		4A04D3962A4758F400C6503C /* Release */ = {
			isa = XCBuildConfiguration;
			buildSettings = {
				ASSETCATALOG_COMPILER_APPICON_NAME = AppIcon;
				ASSETCATALOG_COMPILER_GLOBAL_ACCENT_COLOR_NAME = AccentColor;
				CODE_SIGN_STYLE = Automatic;
				CURRENT_PROJECT_VERSION = 1;
				DEVELOPMENT_TEAM = SS7U83UJNK;
				GENERATE_INFOPLIST_FILE = YES;
				INFOPLIST_FILE = ExBackgroundSession/Info.plist;
				INFOPLIST_KEY_UIApplicationSupportsIndirectInputEvents = YES;
				INFOPLIST_KEY_UILaunchStoryboardName = LaunchScreen;
				INFOPLIST_KEY_UIMainStoryboardFile = Main;
				INFOPLIST_KEY_UISupportedInterfaceOrientations_iPad = "UIInterfaceOrientationPortrait UIInterfaceOrientationPortraitUpsideDown UIInterfaceOrientationLandscapeLeft UIInterfaceOrientationLandscapeRight";
				INFOPLIST_KEY_UISupportedInterfaceOrientations_iPhone = "UIInterfaceOrientationPortrait UIInterfaceOrientationLandscapeLeft UIInterfaceOrientationLandscapeRight";
				LD_RUNPATH_SEARCH_PATHS = (
					"$(inherited)",
					"@executable_path/Frameworks",
				);
				MARKETING_VERSION = 1.0;
				PRODUCT_BUNDLE_IDENTIFIER = com.jake.ExBackgroundSession;
				PRODUCT_NAME = "$(TARGET_NAME)";
				SWIFT_EMIT_LOC_STRINGS = YES;
				SWIFT_VERSION = 5.0;
				TARGETED_DEVICE_FAMILY = "1,2";
			};
			name = Release;
		};
		4A04D3982A4758F400C6503C /* Debug */ = {
			isa = XCBuildConfiguration;
			buildSettings = {
				ALWAYS_EMBED_SWIFT_STANDARD_LIBRARIES = YES;
				BUNDLE_LOADER = "$(TEST_HOST)";
				CODE_SIGN_STYLE = Automatic;
				CURRENT_PROJECT_VERSION = 1;
				DEVELOPMENT_TEAM = SS7U83UJNK;
				GENERATE_INFOPLIST_FILE = YES;
				IPHONEOS_DEPLOYMENT_TARGET = 16.4;
				MARKETING_VERSION = 1.0;
				PRODUCT_BUNDLE_IDENTIFIER = com.jake.ExBackgroundSessionTests;
				PRODUCT_NAME = "$(TARGET_NAME)";
				SWIFT_EMIT_LOC_STRINGS = NO;
				SWIFT_VERSION = 5.0;
				TARGETED_DEVICE_FAMILY = "1,2";
				TEST_HOST = "$(BUILT_PRODUCTS_DIR)/ExBackgroundSession.app/$(BUNDLE_EXECUTABLE_FOLDER_PATH)/ExBackgroundSession";
			};
			name = Debug;
		};
		4A04D3992A4758F400C6503C /* Release */ = {
			isa = XCBuildConfiguration;
			buildSettings = {
				ALWAYS_EMBED_SWIFT_STANDARD_LIBRARIES = YES;
				BUNDLE_LOADER = "$(TEST_HOST)";
				CODE_SIGN_STYLE = Automatic;
				CURRENT_PROJECT_VERSION = 1;
				DEVELOPMENT_TEAM = SS7U83UJNK;
				GENERATE_INFOPLIST_FILE = YES;
				IPHONEOS_DEPLOYMENT_TARGET = 16.4;
				MARKETING_VERSION = 1.0;
				PRODUCT_BUNDLE_IDENTIFIER = com.jake.ExBackgroundSessionTests;
				PRODUCT_NAME = "$(TARGET_NAME)";
				SWIFT_EMIT_LOC_STRINGS = NO;
				SWIFT_VERSION = 5.0;
				TARGETED_DEVICE_FAMILY = "1,2";
				TEST_HOST = "$(BUILT_PRODUCTS_DIR)/ExBackgroundSession.app/$(BUNDLE_EXECUTABLE_FOLDER_PATH)/ExBackgroundSession";
			};
			name = Release;
		};
		4A04D39B2A4758F400C6503C /* Debug */ = {
			isa = XCBuildConfiguration;
			buildSettings = {
				ALWAYS_EMBED_SWIFT_STANDARD_LIBRARIES = YES;
				CODE_SIGN_STYLE = Automatic;
				CURRENT_PROJECT_VERSION = 1;
				DEVELOPMENT_TEAM = SS7U83UJNK;
				GENERATE_INFOPLIST_FILE = YES;
				MARKETING_VERSION = 1.0;
				PRODUCT_BUNDLE_IDENTIFIER = com.jake.ExBackgroundSessionUITests;
				PRODUCT_NAME = "$(TARGET_NAME)";
				SWIFT_EMIT_LOC_STRINGS = NO;
				SWIFT_VERSION = 5.0;
				TARGETED_DEVICE_FAMILY = "1,2";
				TEST_TARGET_NAME = ExBackgroundSession;
			};
			name = Debug;
		};
		4A04D39C2A4758F400C6503C /* Release */ = {
			isa = XCBuildConfiguration;
			buildSettings = {
				ALWAYS_EMBED_SWIFT_STANDARD_LIBRARIES = YES;
				CODE_SIGN_STYLE = Automatic;
				CURRENT_PROJECT_VERSION = 1;
				DEVELOPMENT_TEAM = SS7U83UJNK;
				GENERATE_INFOPLIST_FILE = YES;
				MARKETING_VERSION = 1.0;
				PRODUCT_BUNDLE_IDENTIFIER = com.jake.ExBackgroundSessionUITests;
				PRODUCT_NAME = "$(TARGET_NAME)";
				SWIFT_EMIT_LOC_STRINGS = NO;
				SWIFT_VERSION = 5.0;
				TARGETED_DEVICE_FAMILY = "1,2";
				TEST_TARGET_NAME = ExBackgroundSession;
			};
			name = Release;
		};
/* End XCBuildConfiguration section */

/* Begin XCConfigurationList section */
		4A04D3652A4758F200C6503C /* Build configuration list for PBXProject "ExBackgroundSession" */ = {
			isa = XCConfigurationList;
			buildConfigurations = (
				4A04D3922A4758F400C6503C /* Debug */,
				4A04D3932A4758F400C6503C /* Release */,
			);
			defaultConfigurationIsVisible = 0;
			defaultConfigurationName = Release;
		};
		4A04D3942A4758F400C6503C /* Build configuration list for PBXNativeTarget "ExBackgroundSession" */ = {
			isa = XCConfigurationList;
			buildConfigurations = (
				4A04D3952A4758F400C6503C /* Debug */,
				4A04D3962A4758F400C6503C /* Release */,
			);
			defaultConfigurationIsVisible = 0;
			defaultConfigurationName = Release;
		};
		4A04D3972A4758F400C6503C /* Build configuration list for PBXNativeTarget "ExBackgroundSessionTests" */ = {
			isa = XCConfigurationList;
			buildConfigurations = (
				4A04D3982A4758F400C6503C /* Debug */,
				4A04D3992A4758F400C6503C /* Release */,
			);
			defaultConfigurationIsVisible = 0;
			defaultConfigurationName = Release;
		};
		4A04D39A2A4758F400C6503C /* Build configuration list for PBXNativeTarget "ExBackgroundSessionUITests" */ = {
			isa = XCConfigurationList;
			buildConfigurations = (
				4A04D39B2A4758F400C6503C /* Debug */,
				4A04D39C2A4758F400C6503C /* Release */,
			);
			defaultConfigurationIsVisible = 0;
			defaultConfigurationName = Release;
		};
/* End XCConfigurationList section */
	};
	rootObject = 4A04D3622A4758F200C6503C /* Project object */;
}
